
Microsoft Visual Studio Solution File, Format Version 12.00
# Visual Studio Version 16
VisualStudioVersion = 16.0.29306.81
MinimumVisualStudioVersion = 10.0.40219.1
Project("{FAE04EC0-301F-11D3-BF4B-00C04F79EFBC}") = "01_Challenge_Console", "01_Challenge_Console\01_Challenge_Console.csproj", "{CBAA7092-5A09-44D9-8C64-E5690C11A84F}"
EndProject
Project("{FAE04EC0-301F-11D3-BF4B-00C04F79EFBC}") = "01_Challenge_Repository", "01_Challenge_Repository\01_Challenge_Repository.csproj", "{49A77F8F-DBFA-472B-8DAF-2A6D04B160EB}"
EndProject
Project("{FAE04EC0-301F-11D3-BF4B-00C04F79EFBC}") = "01_Challenge_Tests", "01_Challenge_Tests\01_Challenge_Tests.csproj", "{19C833A8-E469-4D11-978D-94ABD2FDC561}"
EndProject
Project("{FAE04EC0-301F-11D3-BF4B-00C04F79EFBC}") = "02_Challenge_Console", "02_Challenge_Console\02_Challenge_Console.csproj", "{24DF0144-4559-427D-8228-4AAECCFE16DD}"
EndProject
Project("{FAE04EC0-301F-11D3-BF4B-00C04F79EFBC}") = "02_Challenge_Repository", "02_Challenge_Repository\02_Challenge_Repository.csproj", "{8DC8F4AB-BE29-47FE-89C4-7F62357A5581}"
EndProject
Project("{FAE04EC0-301F-11D3-BF4B-00C04F79EFBC}") = "02_Challenge_Tests", "02_Challenge_Tests\02_Challenge_Tests.csproj", "{E707416B-9C0F-4A80-9538-AA48B942D690}"
EndProject
Project("{FAE04EC0-301F-11D3-BF4B-00C04F79EFBC}") = "04_Challenge_Console", "03_Challenge_Console\04_Challenge_Console.csproj", "{F1DA9B7B-2C90-45A3-8BA1-DFAEBB2ED006}"
EndProject
Project("{FAE04EC0-301F-11D3-BF4B-00C04F79EFBC}") = "04_Console_Repository", "03_Console_Repository\04_Console_Repository.csproj", "{D1D18F20-7808-44DD-8D09-E0AED712A4FB}"
EndProject
Project("{FAE04EC0-301F-11D3-BF4B-00C04F79EFBC}") = "04_Challenge_Tests", "03_Challenge_Tests\04_Challenge_Tests.csproj", "{D3DA7450-9FF1-451D-8F10-44CA7F0288D1}"
EndProject
Project("{FAE04EC0-301F-11D3-BF4B-00C04F79EFBC}") = "05_Challenge_Console", "05_Challenge_Console\05_Challenge_Console.csproj", "{A5C072FA-A219-4220-B6B2-A5A26AC6F7C7}"
EndProject
Project("{FAE04EC0-301F-11D3-BF4B-00C04F79EFBC}") = "05_Challenge_Repository", "05_Challenge_Repository\05_Challenge_Repository.csproj", "{C679C798-1355-4ABD-8B46-A5B8412AE962}"
EndProject
Project("{FAE04EC0-301F-11D3-BF4B-00C04F79EFBC}") = "05_Challenge_Tests", "05_Challenge_Tests\05_Challenge_Tests.csproj", "{169A4A8C-4146-4077-AA7C-D96F392124F2}"
EndProject
Global
	GlobalSection(SolutionConfigurationPlatforms) = preSolution
		Debug|Any CPU = Debug|Any CPU
		Release|Any CPU = Release|Any CPU
	EndGlobalSection
	GlobalSection(ProjectConfigurationPlatforms) = postSolution
		{CBAA7092-5A09-44D9-8C64-E5690C11A84F}.Debug|Any CPU.ActiveCfg = Debug|Any CPU
		{CBAA7092-5A09-44D9-8C64-E5690C11A84F}.Debug|Any CPU.Build.0 = Debug|Any CPU
		{CBAA7092-5A09-44D9-8C64-E5690C11A84F}.Release|Any CPU.ActiveCfg = Release|Any CPU
		{CBAA7092-5A09-44D9-8C64-E5690C11A84F}.Release|Any CPU.Build.0 = Release|Any CPU
		{49A77F8F-DBFA-472B-8DAF-2A6D04B160EB}.Debug|Any CPU.ActiveCfg = Debug|Any CPU
		{49A77F8F-DBFA-472B-8DAF-2A6D04B160EB}.Debug|Any CPU.Build.0 = Debug|Any CPU
		{49A77F8F-DBFA-472B-8DAF-2A6D04B160EB}.Release|Any CPU.ActiveCfg = Release|Any CPU
		{49A77F8F-DBFA-472B-8DAF-2A6D04B160EB}.Release|Any CPU.Build.0 = Release|Any CPU
		{19C833A8-E469-4D11-978D-94ABD2FDC561}.Debug|Any CPU.ActiveCfg = Debug|Any CPU
		{19C833A8-E469-4D11-978D-94ABD2FDC561}.Debug|Any CPU.Build.0 = Debug|Any CPU
		{19C833A8-E469-4D11-978D-94ABD2FDC561}.Release|Any CPU.ActiveCfg = Release|Any CPU
		{19C833A8-E469-4D11-978D-94ABD2FDC561}.Release|Any CPU.Build.0 = Release|Any CPU
		{24DF0144-4559-427D-8228-4AAECCFE16DD}.Debug|Any CPU.ActiveCfg = Debug|Any CPU
		{24DF0144-4559-427D-8228-4AAECCFE16DD}.Debug|Any CPU.Build.0 = Debug|Any CPU
		{24DF0144-4559-427D-8228-4AAECCFE16DD}.Release|Any CPU.ActiveCfg = Release|Any CPU
		{24DF0144-4559-427D-8228-4AAECCFE16DD}.Release|Any CPU.Build.0 = Release|Any CPU
		{8DC8F4AB-BE29-47FE-89C4-7F62357A5581}.Debug|Any CPU.ActiveCfg = Debug|Any CPU
		{8DC8F4AB-BE29-47FE-89C4-7F62357A5581}.Debug|Any CPU.Build.0 = Debug|Any CPU
		{8DC8F4AB-BE29-47FE-89C4-7F62357A5581}.Release|Any CPU.ActiveCfg = Release|Any CPU
		{8DC8F4AB-BE29-47FE-89C4-7F62357A5581}.Release|Any CPU.Build.0 = Release|Any CPU
		{E707416B-9C0F-4A80-9538-AA48B942D690}.Debug|Any CPU.ActiveCfg = Debug|Any CPU
		{E707416B-9C0F-4A80-9538-AA48B942D690}.Debug|Any CPU.Build.0 = Debug|Any CPU
		{E707416B-9C0F-4A80-9538-AA48B942D690}.Release|Any CPU.ActiveCfg = Release|Any CPU
		{E707416B-9C0F-4A80-9538-AA48B942D690}.Release|Any CPU.Build.0 = Release|Any CPU
		{F1DA9B7B-2C90-45A3-8BA1-DFAEBB2ED006}.Debug|Any CPU.ActiveCfg = Debug|Any CPU
		{F1DA9B7B-2C90-45A3-8BA1-DFAEBB2ED006}.Debug|Any CPU.Build.0 = Debug|Any CPU
		{F1DA9B7B-2C90-45A3-8BA1-DFAEBB2ED006}.Release|Any CPU.ActiveCfg = Release|Any CPU
		{F1DA9B7B-2C90-45A3-8BA1-DFAEBB2ED006}.Release|Any CPU.Build.0 = Release|Any CPU
		{D1D18F20-7808-44DD-8D09-E0AED712A4FB}.Debug|Any CPU.ActiveCfg = Debug|Any CPU
		{D1D18F20-7808-44DD-8D09-E0AED712A4FB}.Debug|Any CPU.Build.0 = Debug|Any CPU
		{D1D18F20-7808-44DD-8D09-E0AED712A4FB}.Release|Any CPU.ActiveCfg = Release|Any CPU
		{D1D18F20-7808-44DD-8D09-E0AED712A4FB}.Release|Any CPU.Build.0 = Release|Any CPU
		{D3DA7450-9FF1-451D-8F10-44CA7F0288D1}.Debug|Any CPU.ActiveCfg = Debug|Any CPU
		{D3DA7450-9FF1-451D-8F10-44CA7F0288D1}.Debug|Any CPU.Build.0 = Debug|Any CPU
		{D3DA7450-9FF1-451D-8F10-44CA7F0288D1}.Release|Any CPU.ActiveCfg = Release|Any CPU
		{D3DA7450-9FF1-451D-8F10-44CA7F0288D1}.Release|Any CPU.Build.0 = Release|Any CPU
		{A5C072FA-A219-4220-B6B2-A5A26AC6F7C7}.Debug|Any CPU.ActiveCfg = Debug|Any CPU
		{A5C072FA-A219-4220-B6B2-A5A26AC6F7C7}.Debug|Any CPU.Build.0 = Debug|Any CPU
		{A5C072FA-A219-4220-B6B2-A5A26AC6F7C7}.Release|Any CPU.ActiveCfg = Release|Any CPU
		{A5C072FA-A219-4220-B6B2-A5A26AC6F7C7}.Release|Any CPU.Build.0 = Release|Any CPU
		{C679C798-1355-4ABD-8B46-A5B8412AE962}.Debug|Any CPU.ActiveCfg = Debug|Any CPU
		{C679C798-1355-4ABD-8B46-A5B8412AE962}.Debug|Any CPU.Build.0 = Debug|Any CPU
		{C679C798-1355-4ABD-8B46-A5B8412AE962}.Release|Any CPU.ActiveCfg = Release|Any CPU
		{C679C798-1355-4ABD-8B46-A5B8412AE962}.Release|Any CPU.Build.0 = Release|Any CPU
		{169A4A8C-4146-4077-AA7C-D96F392124F2}.Debug|Any CPU.ActiveCfg = Debug|Any CPU
		{169A4A8C-4146-4077-AA7C-D96F392124F2}.Debug|Any CPU.Build.0 = Debug|Any CPU
		{169A4A8C-4146-4077-AA7C-D96F392124F2}.Release|Any CPU.ActiveCfg = Release|Any CPU
		{169A4A8C-4146-4077-AA7C-D96F392124F2}.Release|Any CPU.Build.0 = Release|Any CPU
	EndGlobalSection
	GlobalSection(SolutionProperties) = preSolution
		HideSolutionNode = FALSE
	EndGlobalSection
	GlobalSection(ExtensibilityGlobals) = postSolution
		SolutionGuid = {8F0A25C1-3396-4531-B3D5-47D677EF4104}
	EndGlobalSection
EndGlobal
